
Microsoft Visual Studio Solution File, Format Version 12.00
# Visual Studio 15
VisualStudioVersion = 15.0.28307.168
MinimumVisualStudioVersion = 10.0.40219.1
Project("{FAE04EC0-301F-11D3-BF4B-00C04F79EFBC}") = "Labs", "Labs\Labs.csproj", "{D4172478-EFE7-4D06-832B-0E26CBF2A21C}"
EndProject
Global
	GlobalSection(SolutionConfigurationPlatforms) = preSolution
		Debug|Any CPU = Debug|Any CPU
		Release|Any CPU = Release|Any CPU
	EndGlobalSection
	GlobalSection(ProjectConfigurationPlatforms) = postSolution
		{D4172478-EFE7-4D06-832B-0E26CBF2A21C}.Debug|Any CPU.ActiveCfg = Debug|Any CPU
		{D4172478-EFE7-4D06-832B-0E26CBF2A21C}.Debug|Any CPU.Build.0 = Debug|Any CPU
		{D4172478-EFE7-4D06-832B-0E26CBF2A21C}.Release|Any CPU.ActiveCfg = Release|Any CPU
		{D4172478-EFE7-4D06-832B-0E26CBF2A21C}.Release|Any CPU.Build.0 = Release|Any CPU
	EndGlobalSection
	GlobalSection(SolutionProperties) = preSolution
		HideSolutionNode = FALSE
	EndGlobalSection
	GlobalSection(ExtensibilityGlobals) = postSolution
		SolutionGuid = {776A08D5-5B83-4EF4-AAF2-F1F177724870}
	EndGlobalSection
EndGlobal
